
Microsoft Visual Studio Solution File, Format Version 12.00
# Visual Studio Version 17
VisualStudioVersion = 17.3.32901.215
MinimumVisualStudioVersion = 10.0.40219.1
Project("{FAE04EC0-301F-11D3-BF4B-00C04F79EFBC}") = "MenuStrip_orenek _304", "MenuStrip_orenek _304\MenuStrip_orenek _304.csproj", "{0F8358B9-3651-4D07-A9C0-956D41754A2D}"
EndProject
Global
	GlobalSection(SolutionConfigurationPlatforms) = preSolution
		Debug|Any CPU = Debug|Any CPU
		Release|Any CPU = Release|Any CPU
	EndGlobalSection
	GlobalSection(ProjectConfigurationPlatforms) = postSolution
		{0F8358B9-3651-4D07-A9C0-956D41754A2D}.Debug|Any CPU.ActiveCfg = Debug|Any CPU
		{0F8358B9-3651-4D07-A9C0-956D41754A2D}.Debug|Any CPU.Build.0 = Debug|Any CPU
		{0F8358B9-3651-4D07-A9C0-956D41754A2D}.Release|Any CPU.ActiveCfg = Release|Any CPU
		{0F8358B9-3651-4D07-A9C0-956D41754A2D}.Release|Any CPU.Build.0 = Release|Any CPU
	EndGlobalSection
	GlobalSection(SolutionProperties) = preSolution
		HideSolutionNode = FALSE
	EndGlobalSection
	GlobalSection(ExtensibilityGlobals) = postSolution
		SolutionGuid = {B72D5E9F-CF11-4736-9018-4326AE78301B}
	EndGlobalSection
EndGlobal
